
Microsoft Visual Studio Solution File, Format Version 12.00
# Visual Studio Version 17
VisualStudioVersion = 17.0.31903.59
MinimumVisualStudioVersion = 10.0.40219.1
Project("{FAE04EC0-301F-11D3-BF4B-00C04F79EFBC}") = "FunWithEmail.WebApp", "FunWithEmail.WebApp\FunWithEmail.WebApp.csproj", "{6F6B452F-C5BF-43EF-929E-AE8E0441FB59}"
EndProject
Project("{FAE04EC0-301F-11D3-BF4B-00C04F79EFBC}") = "FunWithEmail.Tests", "FunWithEmail.Tests\FunWithEmail.Tests.csproj", "{1E624031-9022-4692-AA35-59AA029BE315}"
EndProject
Global
	GlobalSection(SolutionConfigurationPlatforms) = preSolution
		Debug|Any CPU = Debug|Any CPU
		Release|Any CPU = Release|Any CPU
	EndGlobalSection
	GlobalSection(SolutionProperties) = preSolution
		HideSolutionNode = FALSE
	EndGlobalSection
	GlobalSection(ProjectConfigurationPlatforms) = postSolution
		{6F6B452F-C5BF-43EF-929E-AE8E0441FB59}.Debug|Any CPU.ActiveCfg = Debug|Any CPU
		{6F6B452F-C5BF-43EF-929E-AE8E0441FB59}.Debug|Any CPU.Build.0 = Debug|Any CPU
		{6F6B452F-C5BF-43EF-929E-AE8E0441FB59}.Release|Any CPU.ActiveCfg = Release|Any CPU
		{6F6B452F-C5BF-43EF-929E-AE8E0441FB59}.Release|Any CPU.Build.0 = Release|Any CPU
		{1E624031-9022-4692-AA35-59AA029BE315}.Debug|Any CPU.ActiveCfg = Debug|Any CPU
		{1E624031-9022-4692-AA35-59AA029BE315}.Debug|Any CPU.Build.0 = Debug|Any CPU
		{1E624031-9022-4692-AA35-59AA029BE315}.Release|Any CPU.ActiveCfg = Release|Any CPU
		{1E624031-9022-4692-AA35-59AA029BE315}.Release|Any CPU.Build.0 = Release|Any CPU
	EndGlobalSection
EndGlobal
